
Microsoft Visual Studio Solution File, Format Version 12.00
# Visual Studio 14
VisualStudioVersion = 14.0.25420.1
MinimumVisualStudioVersion = 10.0.40219.1
Project("{FAE04EC0-301F-11D3-BF4B-00C04F79EFBC}") = "ZeroLog", "ZeroLog\ZeroLog.csproj", "{34665A87-497B-4C4E-928E-1DFBEB3F7441}"
EndProject
Project("{FAE04EC0-301F-11D3-BF4B-00C04F79EFBC}") = "ZeroLog.Tests", "ZeroLog.Tests\ZeroLog.Tests.csproj", "{F2405E3E-69ED-4BA5-A862-CF920B612B16}"
EndProject
Project("{2150E333-8FDC-42A3-9474-1A3956D46DE8}") = "Misc", "Misc", "{44EDCA3A-DBC5-415C-9A34-C742912674B5}"
	ProjectSection(SolutionItems) = preProject
		LICENSE.md = LICENSE.md
		README.md = README.md
		SharedVersionInfo.cs = SharedVersionInfo.cs
	EndProjectSection
EndProject
Global
	GlobalSection(SolutionConfigurationPlatforms) = preSolution
		Debug|Any CPU = Debug|Any CPU
		Release|Any CPU = Release|Any CPU
	EndGlobalSection
	GlobalSection(ProjectConfigurationPlatforms) = postSolution
		{34665A87-497B-4C4E-928E-1DFBEB3F7441}.Debug|Any CPU.ActiveCfg = Debug|Any CPU
		{34665A87-497B-4C4E-928E-1DFBEB3F7441}.Debug|Any CPU.Build.0 = Debug|Any CPU
		{34665A87-497B-4C4E-928E-1DFBEB3F7441}.Release|Any CPU.ActiveCfg = Release|Any CPU
		{34665A87-497B-4C4E-928E-1DFBEB3F7441}.Release|Any CPU.Build.0 = Release|Any CPU
		{F2405E3E-69ED-4BA5-A862-CF920B612B16}.Debug|Any CPU.ActiveCfg = Debug|Any CPU
		{F2405E3E-69ED-4BA5-A862-CF920B612B16}.Debug|Any CPU.Build.0 = Debug|Any CPU
		{F2405E3E-69ED-4BA5-A862-CF920B612B16}.Release|Any CPU.ActiveCfg = Release|Any CPU
		{F2405E3E-69ED-4BA5-A862-CF920B612B16}.Release|Any CPU.Build.0 = Release|Any CPU
	EndGlobalSection
	GlobalSection(SolutionProperties) = preSolution
		HideSolutionNode = FALSE
	EndGlobalSection
EndGlobal
